// !$*UTF8*$!
{
	archiveVersion = 1;
	classes = {
	};
	objectVersion = 46;
	objects = {

/* Begin PBXBuildFile section */
		A3314F9C61A2F202E13A6FBD /* Pods_TrafficLight.framework in Frameworks */ = {isa = PBXBuildFile; fileRef = AA6062085B26D054CCA2EEE7 /* Pods_TrafficLight.framework */; };
		DB32A53F1F646587000628B2 /* AppDelegate.swift in Sources */ = {isa = PBXBuildFile; fileRef = DB32A53E1F646587000628B2 /* AppDelegate.swift */; };
		DB32A5411F646587000628B2 /* ViewController.swift in Sources */ = {isa = PBXBuildFile; fileRef = DB32A5401F646587000628B2 /* ViewController.swift */; };
		DB32A5431F646587000628B2 /* Assets.xcassets in Resources */ = {isa = PBXBuildFile; fileRef = DB32A5421F646587000628B2 /* Assets.xcassets */; };
		DB32A5461F646587000628B2 /* Main.storyboard in Resources */ = {isa = PBXBuildFile; fileRef = DB32A5441F646587000628B2 /* Main.storyboard */; };
/* End PBXBuildFile section */

/* Begin PBXFileReference section */
		8A70D64E6F3E63861F8F46BF /* Pods-TrafficLight.debug.xcconfig */ = {isa = PBXFileReference; includeInIndex = 1; lastKnownFileType = text.xcconfig; name = "Pods-TrafficLight.debug.xcconfig"; path = "Pods/Target Support Files/Pods-TrafficLight/Pods-TrafficLight.debug.xcconfig"; sourceTree = "<group>"; };
		AA6062085B26D054CCA2EEE7 /* Pods_TrafficLight.framework */ = {isa = PBXFileReference; explicitFileType = wrapper.framework; includeInIndex = 0; path = Pods_TrafficLight.framework; sourceTree = BUILT_PRODUCTS_DIR; };
		B394D02469F74AA88AE83480 /* Pods-TrafficLight.release.xcconfig */ = {isa = PBXFileReference; includeInIndex = 1; lastKnownFileType = text.xcconfig; name = "Pods-TrafficLight.release.xcconfig"; path = "Pods/Target Support Files/Pods-TrafficLight/Pods-TrafficLight.release.xcconfig"; sourceTree = "<group>"; };
		DB32A53B1F646587000628B2 /* TrafficLight.app */ = {isa = PBXFileReference; explicitFileType = wrapper.application; includeInIndex = 0; path = TrafficLight.app; sourceTree = BUILT_PRODUCTS_DIR; };
		DB32A53E1F646587000628B2 /* AppDelegate.swift */ = {isa = PBXFileReference; lastKnownFileType = sourcecode.swift; path = AppDelegate.swift; sourceTree = "<group>"; };
		DB32A5401F646587000628B2 /* ViewController.swift */ = {isa = PBXFileReference; lastKnownFileType = sourcecode.swift; path = ViewController.swift; sourceTree = "<group>"; };
		DB32A5421F646587000628B2 /* Assets.xcassets */ = {isa = PBXFileReference; lastKnownFileType = folder.assetcatalog; path = Assets.xcassets; sourceTree = "<group>"; };
		DB32A5451F646587000628B2 /* Base */ = {isa = PBXFileReference; lastKnownFileType = file.storyboard; name = Base; path = Base.lproj/Main.storyboard; sourceTree = "<group>"; };
		DB32A5471F646587000628B2 /* Info.plist */ = {isa = PBXFileReference; lastKnownFileType = text.plist.xml; path = Info.plist; sourceTree = "<group>"; };
/* End PBXFileReference section */

/* Begin PBXFrameworksBuildPhase section */
		DB32A5381F646587000628B2 /* Frameworks */ = {
			isa = PBXFrameworksBuildPhase;
			buildActionMask = 2147483647;
			files = (
				A3314F9C61A2F202E13A6FBD /* Pods_TrafficLight.framework in Frameworks */,
			);
			runOnlyForDeploymentPostprocessing = 0;
		};
/* End PBXFrameworksBuildPhase section */

/* Begin PBXGroup section */
		203BCC73E7EC4C4E85F311DE /* Pods */ = {
			isa = PBXGroup;
			children = (
				8A70D64E6F3E63861F8F46BF /* Pods-TrafficLight.debug.xcconfig */,
				B394D02469F74AA88AE83480 /* Pods-TrafficLight.release.xcconfig */,
			);
			name = Pods;
			sourceTree = "<group>";
		};
		74C8553E497C448B8A1ACF52 /* Frameworks */ = {
			isa = PBXGroup;
			children = (
				AA6062085B26D054CCA2EEE7 /* Pods_TrafficLight.framework */,
			);
			name = Frameworks;
			sourceTree = "<group>";
		};
		DB32A5321F646587000628B2 = {
			isa = PBXGroup;
			children = (
				DB32A53D1F646587000628B2 /* TrafficLight */,
				DB32A53C1F646587000628B2 /* Products */,
				203BCC73E7EC4C4E85F311DE /* Pods */,
				74C8553E497C448B8A1ACF52 /* Frameworks */,
			);
			sourceTree = "<group>";
		};
		DB32A53C1F646587000628B2 /* Products */ = {
			isa = PBXGroup;
			children = (
				DB32A53B1F646587000628B2 /* TrafficLight.app */,
			);
			name = Products;
			sourceTree = "<group>";
		};
		DB32A53D1F646587000628B2 /* TrafficLight */ = {
			isa = PBXGroup;
			children = (
				DB32A53E1F646587000628B2 /* AppDelegate.swift */,
				DB32A5401F646587000628B2 /* ViewController.swift */,
				DB32A5421F646587000628B2 /* Assets.xcassets */,
				DB32A5441F646587000628B2 /* Main.storyboard */,
				DB32A5471F646587000628B2 /* Info.plist */,
			);
			path = TrafficLight;
			sourceTree = "<group>";
		};
/* End PBXGroup section */

/* Begin PBXNativeTarget section */
		DB32A53A1F646587000628B2 /* TrafficLight */ = {
			isa = PBXNativeTarget;
			buildConfigurationList = DB32A54A1F646587000628B2 /* Build configuration list for PBXNativeTarget "TrafficLight" */;
			buildPhases = (
				E2F92FBC463715CE7B26198F /* [CP] Check Pods Manifest.lock */,
				DB32A5371F646587000628B2 /* Sources */,
				DB32A5381F646587000628B2 /* Frameworks */,
				DB32A5391F646587000628B2 /* Resources */,
				470FA5A050BE0F37F35FBAB4 /* [CP] Embed Pods Frameworks */,
				DEE36347B548FF0B3EC21A45 /* [CP] Copy Pods Resources */,
			);
			buildRules = (
			);
			dependencies = (
			);
			name = TrafficLight;
			productName = TrafficLight;
			productReference = DB32A53B1F646587000628B2 /* TrafficLight.app */;
			productType = "com.apple.product-type.application";
		};
/* End PBXNativeTarget section */

/* Begin PBXProject section */
		DB32A5331F646587000628B2 /* Project object */ = {
			isa = PBXProject;
			attributes = {
				LastSwiftUpdateCheck = 0830;
				LastUpgradeCheck = 0830;
				ORGANIZATIONNAME = Codecrete;
				TargetAttributes = {
					DB32A53A1F646587000628B2 = {
						CreatedOnToolsVersion = 8.3.3;
						ProvisioningStyle = Automatic;
					};
				};
			};
			buildConfigurationList = DB32A5361F646587000628B2 /* Build configuration list for PBXProject "TrafficLight" */;
			compatibilityVersion = "Xcode 3.2";
			developmentRegion = English;
			hasScannedForEncodings = 0;
			knownRegions = (
				en,
				Base,
			);
			mainGroup = DB32A5321F646587000628B2;
			productRefGroup = DB32A53C1F646587000628B2 /* Products */;
			projectDirPath = "";
			projectRoot = "";
			targets = (
				DB32A53A1F646587000628B2 /* TrafficLight */,
			);
		};
/* End PBXProject section */

/* Begin PBXResourcesBuildPhase section */
		DB32A5391F646587000628B2 /* Resources */ = {
			isa = PBXResourcesBuildPhase;
			buildActionMask = 2147483647;
			files = (
				DB32A5431F646587000628B2 /* Assets.xcassets in Resources */,
				DB32A5461F646587000628B2 /* Main.storyboard in Resources */,
			);
			runOnlyForDeploymentPostprocessing = 0;
		};
/* End PBXResourcesBuildPhase section */

/* Begin PBXShellScriptBuildPhase section */
		470FA5A050BE0F37F35FBAB4 /* [CP] Embed Pods Frameworks */ = {
			isa = PBXShellScriptBuildPhase;
			buildActionMask = 2147483647;
			files = (
			);
			inputPaths = (
				"${SRCROOT}/Pods/Target Support Files/Pods-TrafficLight/Pods-TrafficLight-frameworks.sh",
				"${BUILT_PRODUCTS_DIR}/WirekiteMac/WirekiteMac.framework",
			);
			name = "[CP] Embed Pods Frameworks";
			outputPaths = (
				"${TARGET_BUILD_DIR}/${FRAMEWORKS_FOLDER_PATH}/WirekiteMac.framework",
			);
			runOnlyForDeploymentPostprocessing = 0;
			shellPath = /bin/sh;
			shellScript = "\"${SRCROOT}/Pods/Target Support Files/Pods-TrafficLight/Pods-TrafficLight-frameworks.sh\"\n";
			showEnvVarsInLog = 0;
		};
		DEE36347B548FF0B3EC21A45 /* [CP] Copy Pods Resources */ = {
			isa = PBXShellScriptBuildPhase;
			buildActionMask = 2147483647;
			files = (
			);
			inputPaths = (
			);
			name = "[CP] Copy Pods Resources";
			outputPaths = (
			);
			runOnlyForDeploymentPostprocessing = 0;
			shellPath = /bin/sh;
			shellScript = "\"${SRCROOT}/Pods/Target Support Files/Pods-TrafficLight/Pods-TrafficLight-resources.sh\"\n";
			showEnvVarsInLog = 0;
		};
		E2F92FBC463715CE7B26198F /* [CP] Check Pods Manifest.lock */ = {
			isa = PBXShellScriptBuildPhase;
			buildActionMask = 2147483647;
			files = (
			);
			inputPaths = (
				"${PODS_PODFILE_DIR_PATH}/Podfile.lock",
				"${PODS_ROOT}/Manifest.lock",
			);
			name = "[CP] Check Pods Manifest.lock";
			outputPaths = (
				"$(DERIVED_FILE_DIR)/Pods-TrafficLight-checkManifestLockResult.txt",
			);
			runOnlyForDeploymentPostprocessing = 0;
			shellPath = /bin/sh;
			shellScript = "diff \"${PODS_PODFILE_DIR_PATH}/Podfile.lock\" \"${PODS_ROOT}/Manifest.lock\" > /dev/null\nif [ $? != 0 ] ; then\n    # print error to STDERR\n    echo \"error: The sandbox is not in sync with the Podfile.lock. Run 'pod install' or update your CocoaPods installation.\" >&2\n    exit 1\nfi\n# This output is used by Xcode 'outputs' to avoid re-running this script phase.\necho \"SUCCESS\" > \"${SCRIPT_OUTPUT_FILE_0}\"\n";
			showEnvVarsInLog = 0;
		};
/* End PBXShellScriptBuildPhase section */

/* Begin PBXSourcesBuildPhase section */
		DB32A5371F646587000628B2 /* Sources */ = {
			isa = PBXSourcesBuildPhase;
			buildActionMask = 2147483647;
			files = (
				DB32A5411F646587000628B2 /* ViewController.swift in Sources */,
				DB32A53F1F646587000628B2 /* AppDelegate.swift in Sources */,
			);
			runOnlyForDeploymentPostprocessing = 0;
		};
/* End PBXSourcesBuildPhase section */

/* Begin PBXVariantGroup section */
		DB32A5441F646587000628B2 /* Main.storyboard */ = {
			isa = PBXVariantGroup;
			children = (
				DB32A5451F646587000628B2 /* Base */,
			);
			name = Main.storyboard;
			sourceTree = "<group>";
		};
/* End PBXVariantGroup section */

/* Begin XCBuildConfiguration section */
		DB32A5481F646587000628B2 /* Debug */ = {
			isa = XCBuildConfiguration;
			buildSettings = {
				ALWAYS_SEARCH_USER_PATHS = NO;
				CLANG_ANALYZER_NONNULL = YES;
				CLANG_ANALYZER_NUMBER_OBJECT_CONVERSION = YES_AGGRESSIVE;
				CLANG_CXX_LANGUAGE_STANDARD = "gnu++0x";
				CLANG_CXX_LIBRARY = "libc++";
				CLANG_ENABLE_MODULES = YES;
				CLANG_ENABLE_OBJC_ARC = YES;
				CLANG_WARN_BOOL_CONVERSION = YES;
				CLANG_WARN_CONSTANT_CONVERSION = YES;
				CLANG_WARN_DIRECT_OBJC_ISA_USAGE = YES_ERROR;
				CLANG_WARN_DOCUMENTATION_COMMENTS = YES;
				CLANG_WARN_EMPTY_BODY = YES;
				CLANG_WARN_ENUM_CONVERSION = YES;
				CLANG_WARN_INFINITE_RECURSION = YES;
				CLANG_WARN_INT_CONVERSION = YES;
				CLANG_WARN_OBJC_ROOT_CLASS = YES_ERROR;
				CLANG_WARN_SUSPICIOUS_MOVE = YES;
				CLANG_WARN_UNREACHABLE_CODE = YES;
				CLANG_WARN__DUPLICATE_METHOD_MATCH = YES;
				CODE_SIGN_IDENTITY = "-";
				COPY_PHASE_STRIP = NO;
				DEBUG_INFORMATION_FORMAT = dwarf;
				ENABLE_STRICT_OBJC_MSGSEND = YES;
				ENABLE_TESTABILITY = YES;
				GCC_C_LANGUAGE_STANDARD = gnu99;
				GCC_DYNAMIC_NO_PIC = NO;
				GCC_NO_COMMON_BLOCKS = YES;
				GCC_OPTIMIZATION_LEVEL = 0;
				GCC_PREPROCESSOR_DEFINITIONS = (
					"DEBUG=1",
					"$(inherited)",
				);
				GCC_WARN_64_TO_32_BIT_CONVERSION = YES;
				GCC_WARN_ABOUT_RETURN_TYPE = YES_ERROR;
				GCC_WARN_UNDECLARED_SELECTOR = YES;
				GCC_WARN_UNINITIALIZED_AUTOS = YES_AGGRESSIVE;
				GCC_WARN_UNUSED_FUNCTION = YES;
				GCC_WARN_UNUSED_VARIABLE = YES;
				MACOSX_DEPLOYMENT_TARGET = 10.12;
				MTL_ENABLE_DEBUG_INFO = YES;
				ONLY_ACTIVE_ARCH = YES;
				SDKROOT = macosx;
				SWIFT_ACTIVE_COMPILATION_CONDITIONS = DEBUG;
				SWIFT_OPTIMIZATION_LEVEL = "-Onone";
			};
			name = Debug;
		};
		DB32A5491F646587000628B2 /* Release */ = {
			isa = XCBuildConfiguration;
			buildSettings = {
				ALWAYS_SEARCH_USER_PATHS = NO;
				CLANG_ANALYZER_NONNULL = YES;
				CLANG_ANALYZER_NUMBER_OBJECT_CONVERSION = YES_AGGRESSIVE;
				CLANG_CXX_LANGUAGE_STANDARD = "gnu++0x";
				CLANG_CXX_LIBRARY = "libc++";
				CLANG_ENABLE_MODULES = YES;
				CLANG_ENABLE_OBJC_ARC = YES;
				CLANG_WARN_BOOL_CONVERSION = YES;
				CLANG_WARN_CONSTANT_CONVERSION = YES;
				CLANG_WARN_DIRECT_OBJC_ISA_USAGE = YES_ERROR;
				CLANG_WARN_DOCUMENTATION_COMMENTS = YES;
				CLANG_WARN_EMPTY_BODY = YES;
				CLANG_WARN_ENUM_CONVERSION = YES;
				CLANG_WARN_INFINITE_RECURSION = YES;
				CLANG_WARN_INT_CONVERSION = YES;
				CLANG_WARN_OBJC_ROOT_CLASS = YES_ERROR;
				CLANG_WARN_SUSPICIOUS_MOVE = YES;
				CLANG_WARN_UNREACHABLE_CODE = YES;
				CLANG_WARN__DUPLICATE_METHOD_MATCH = YES;
				CODE_SIGN_IDENTITY = "-";
				COPY_PHASE_STRIP = NO;
				DEBUG_INFORMATION_FORMAT = "dwarf-with-dsym";
				ENABLE_NS_ASSERTIONS = NO;
				ENABLE_STRICT_OBJC_MSGSEND = YES;
				GCC_C_LANGUAGE_STANDARD = gnu99;
				GCC_NO_COMMON_BLOCKS = YES;
				GCC_WARN_64_TO_32_BIT_CONVERSION = YES;
				GCC_WARN_ABOUT_RETURN_TYPE = YES_ERROR;
				GCC_WARN_UNDECLARED_SELECTOR = YES;
				GCC_WARN_UNINITIALIZED_AUTOS = YES_AGGRESSIVE;
				GCC_WARN_UNUSED_FUNCTION = YES;
				GCC_WARN_UNUSED_VARIABLE = YES;
				MACOSX_DEPLOYMENT_TARGET = 10.12;
				MTL_ENABLE_DEBUG_INFO = NO;
				SDKROOT = macosx;
				SWIFT_OPTIMIZATION_LEVEL = "-Owholemodule";
			};
			name = Release;
		};
		DB32A54B1F646587000628B2 /* Debug */ = {
			isa = XCBuildConfiguration;
			baseConfigurationReference = 8A70D64E6F3E63861F8F46BF /* Pods-TrafficLight.debug.xcconfig */;
			buildSettings = {
				ASSETCATALOG_COMPILER_APPICON_NAME = AppIcon;
				COMBINE_HIDPI_IMAGES = YES;
				INFOPLIST_FILE = TrafficLight/Info.plist;
				LD_RUNPATH_SEARCH_PATHS = "$(inherited) @executable_path/../Frameworks";
				PRODUCT_BUNDLE_IDENTIFIER = net.codecrete.TrafficLight;
				PRODUCT_NAME = "$(TARGET_NAME)";
				SWIFT_VERSION = 3.0;
			};
			name = Debug;
		};
		DB32A54C1F646587000628B2 /* Release */ = {
			isa = XCBuildConfiguration;
			baseConfigurationReference = B394D02469F74AA88AE83480 /* Pods-TrafficLight.release.xcconfig */;
			buildSettings = {
				ASSETCATALOG_COMPILER_APPICON_NAME = AppIcon;
				COMBINE_HIDPI_IMAGES = YES;
				INFOPLIST_FILE = TrafficLight/Info.plist;
				LD_RUNPATH_SEARCH_PATHS = "$(inherited) @executable_path/../Frameworks";
				PRODUCT_BUNDLE_IDENTIFIER = net.codecrete.TrafficLight;
				PRODUCT_NAME = "$(TARGET_NAME)";
				SWIFT_VERSION = 3.0;
			};
			name = Release;
		};
/* End XCBuildConfiguration section */

/* Begin XCConfigurationList section */
		DB32A5361F646587000628B2 /* Build configuration list for PBXProject "TrafficLight" */ = {
			isa = XCConfigurationList;
			buildConfigurations = (
				DB32A5481F646587000628B2 /* Debug */,
				DB32A5491F646587000628B2 /* Release */,
			);
			defaultConfigurationIsVisible = 0;
			defaultConfigurationName = Release;
		};
		DB32A54A1F646587000628B2 /* Build configuration list for PBXNativeTarget "TrafficLight" */ = {
			isa = XCConfigurationList;
			buildConfigurations = (
				DB32A54B1F646587000628B2 /* Debug */,
				DB32A54C1F646587000628B2 /* Release */,
			);
			defaultConfigurationIsVisible = 0;
		};
/* End XCConfigurationList section */
	};
	rootObject = DB32A5331F646587000628B2 /* Project object */;
}
