// !$*UTF8*$!
{
	archiveVersion = 1;
	classes = {
	};
	objectVersion = 46;
	objects = {

/* Begin PBXBuildFile section */
		C91363C86E38842170A68C4E /* Pods_Servo.framework in Frameworks */ = {isa = PBXBuildFile; fileRef = AFF90F9D655093A4F1CD351D /* Pods_Servo.framework */; };
		DB42E7F11F65B3E4009C2C0E /* AppDelegate.swift in Sources */ = {isa = PBXBuildFile; fileRef = DB42E7F01F65B3E4009C2C0E /* AppDelegate.swift */; };
		DB42E7F31F65B3E4009C2C0E /* ViewController.swift in Sources */ = {isa = PBXBuildFile; fileRef = DB42E7F21F65B3E4009C2C0E /* ViewController.swift */; };
		DB42E7F51F65B3E4009C2C0E /* Assets.xcassets in Resources */ = {isa = PBXBuildFile; fileRef = DB42E7F41F65B3E4009C2C0E /* Assets.xcassets */; };
		DB42E7F81F65B3E4009C2C0E /* Main.storyboard in Resources */ = {isa = PBXBuildFile; fileRef = DB42E7F61F65B3E4009C2C0E /* Main.storyboard */; };
		DB42E8001F65B45F009C2C0E /* Servo.swift in Sources */ = {isa = PBXBuildFile; fileRef = DB42E7FF1F65B45F009C2C0E /* Servo.swift */; };
/* End PBXBuildFile section */

/* Begin PBXFileReference section */
		176786437234007D870F49D7 /* Pods-Servo.release.xcconfig */ = {isa = PBXFileReference; includeInIndex = 1; lastKnownFileType = text.xcconfig; name = "Pods-Servo.release.xcconfig"; path = "Pods/Target Support Files/Pods-Servo/Pods-Servo.release.xcconfig"; sourceTree = "<group>"; };
		58785BF93DF58C8669D0E6C5 /* Pods-Servo.debug.xcconfig */ = {isa = PBXFileReference; includeInIndex = 1; lastKnownFileType = text.xcconfig; name = "Pods-Servo.debug.xcconfig"; path = "Pods/Target Support Files/Pods-Servo/Pods-Servo.debug.xcconfig"; sourceTree = "<group>"; };
		AFF90F9D655093A4F1CD351D /* Pods_Servo.framework */ = {isa = PBXFileReference; explicitFileType = wrapper.framework; includeInIndex = 0; path = Pods_Servo.framework; sourceTree = BUILT_PRODUCTS_DIR; };
		DB42E7ED1F65B3E4009C2C0E /* Servo.app */ = {isa = PBXFileReference; explicitFileType = wrapper.application; includeInIndex = 0; path = Servo.app; sourceTree = BUILT_PRODUCTS_DIR; };
		DB42E7F01F65B3E4009C2C0E /* AppDelegate.swift */ = {isa = PBXFileReference; lastKnownFileType = sourcecode.swift; path = AppDelegate.swift; sourceTree = "<group>"; };
		DB42E7F21F65B3E4009C2C0E /* ViewController.swift */ = {isa = PBXFileReference; lastKnownFileType = sourcecode.swift; path = ViewController.swift; sourceTree = "<group>"; };
		DB42E7F41F65B3E4009C2C0E /* Assets.xcassets */ = {isa = PBXFileReference; lastKnownFileType = folder.assetcatalog; path = Assets.xcassets; sourceTree = "<group>"; };
		DB42E7F71F65B3E4009C2C0E /* Base */ = {isa = PBXFileReference; lastKnownFileType = file.storyboard; name = Base; path = Base.lproj/Main.storyboard; sourceTree = "<group>"; };
		DB42E7F91F65B3E4009C2C0E /* Info.plist */ = {isa = PBXFileReference; lastKnownFileType = text.plist.xml; path = Info.plist; sourceTree = "<group>"; };
		DB42E7FF1F65B45F009C2C0E /* Servo.swift */ = {isa = PBXFileReference; fileEncoding = 4; lastKnownFileType = sourcecode.swift; path = Servo.swift; sourceTree = "<group>"; };
/* End PBXFileReference section */

/* Begin PBXFrameworksBuildPhase section */
		DB42E7EA1F65B3E4009C2C0E /* Frameworks */ = {
			isa = PBXFrameworksBuildPhase;
			buildActionMask = 2147483647;
			files = (
				C91363C86E38842170A68C4E /* Pods_Servo.framework in Frameworks */,
			);
			runOnlyForDeploymentPostprocessing = 0;
		};
/* End PBXFrameworksBuildPhase section */

/* Begin PBXGroup section */
		138A5D867F74BB0D6A77DCD3 /* Pods */ = {
			isa = PBXGroup;
			children = (
				58785BF93DF58C8669D0E6C5 /* Pods-Servo.debug.xcconfig */,
				176786437234007D870F49D7 /* Pods-Servo.release.xcconfig */,
			);
			name = Pods;
			sourceTree = "<group>";
		};
		8500FE4B2DDE5AE1AECE5390 /* Frameworks */ = {
			isa = PBXGroup;
			children = (
				AFF90F9D655093A4F1CD351D /* Pods_Servo.framework */,
			);
			name = Frameworks;
			sourceTree = "<group>";
		};
		DB42E7E41F65B3E4009C2C0E = {
			isa = PBXGroup;
			children = (
				DB42E7EF1F65B3E4009C2C0E /* Servo */,
				DB42E7EE1F65B3E4009C2C0E /* Products */,
				138A5D867F74BB0D6A77DCD3 /* Pods */,
				8500FE4B2DDE5AE1AECE5390 /* Frameworks */,
			);
			sourceTree = "<group>";
		};
		DB42E7EE1F65B3E4009C2C0E /* Products */ = {
			isa = PBXGroup;
			children = (
				DB42E7ED1F65B3E4009C2C0E /* Servo.app */,
			);
			name = Products;
			sourceTree = "<group>";
		};
		DB42E7EF1F65B3E4009C2C0E /* Servo */ = {
			isa = PBXGroup;
			children = (
				DB42E7F01F65B3E4009C2C0E /* AppDelegate.swift */,
				DB42E7F21F65B3E4009C2C0E /* ViewController.swift */,
				DB42E7FF1F65B45F009C2C0E /* Servo.swift */,
				DB42E7F41F65B3E4009C2C0E /* Assets.xcassets */,
				DB42E7F61F65B3E4009C2C0E /* Main.storyboard */,
				DB42E7F91F65B3E4009C2C0E /* Info.plist */,
			);
			path = Servo;
			sourceTree = "<group>";
		};
/* End PBXGroup section */

/* Begin PBXNativeTarget section */
		DB42E7EC1F65B3E4009C2C0E /* Servo */ = {
			isa = PBXNativeTarget;
			buildConfigurationList = DB42E7FC1F65B3E4009C2C0E /* Build configuration list for PBXNativeTarget "Servo" */;
			buildPhases = (
				CC5B88B4DBE0744C077136BE /* [CP] Check Pods Manifest.lock */,
				DB42E7E91F65B3E4009C2C0E /* Sources */,
				DB42E7EA1F65B3E4009C2C0E /* Frameworks */,
				DB42E7EB1F65B3E4009C2C0E /* Resources */,
				E6E20F580B74C0B735E35542 /* [CP] Embed Pods Frameworks */,
				79985395E1DF6C06BAF1755C /* [CP] Copy Pods Resources */,
			);
			buildRules = (
			);
			dependencies = (
			);
			name = Servo;
			productName = Servo;
			productReference = DB42E7ED1F65B3E4009C2C0E /* Servo.app */;
			productType = "com.apple.product-type.application";
		};
/* End PBXNativeTarget section */

/* Begin PBXProject section */
		DB42E7E51F65B3E4009C2C0E /* Project object */ = {
			isa = PBXProject;
			attributes = {
				LastSwiftUpdateCheck = 0830;
				LastUpgradeCheck = 0830;
				ORGANIZATIONNAME = Codecrete;
				TargetAttributes = {
					DB42E7EC1F65B3E4009C2C0E = {
						CreatedOnToolsVersion = 8.3.3;
						ProvisioningStyle = Automatic;
					};
				};
			};
			buildConfigurationList = DB42E7E81F65B3E4009C2C0E /* Build configuration list for PBXProject "Servo" */;
			compatibilityVersion = "Xcode 3.2";
			developmentRegion = English;
			hasScannedForEncodings = 0;
			knownRegions = (
				en,
				Base,
			);
			mainGroup = DB42E7E41F65B3E4009C2C0E;
			productRefGroup = DB42E7EE1F65B3E4009C2C0E /* Products */;
			projectDirPath = "";
			projectRoot = "";
			targets = (
				DB42E7EC1F65B3E4009C2C0E /* Servo */,
			);
		};
/* End PBXProject section */

/* Begin PBXResourcesBuildPhase section */
		DB42E7EB1F65B3E4009C2C0E /* Resources */ = {
			isa = PBXResourcesBuildPhase;
			buildActionMask = 2147483647;
			files = (
				DB42E7F51F65B3E4009C2C0E /* Assets.xcassets in Resources */,
				DB42E7F81F65B3E4009C2C0E /* Main.storyboard in Resources */,
			);
			runOnlyForDeploymentPostprocessing = 0;
		};
/* End PBXResourcesBuildPhase section */

/* Begin PBXShellScriptBuildPhase section */
		79985395E1DF6C06BAF1755C /* [CP] Copy Pods Resources */ = {
			isa = PBXShellScriptBuildPhase;
			buildActionMask = 2147483647;
			files = (
			);
			inputPaths = (
			);
			name = "[CP] Copy Pods Resources";
			outputPaths = (
			);
			runOnlyForDeploymentPostprocessing = 0;
			shellPath = /bin/sh;
			shellScript = "\"${SRCROOT}/Pods/Target Support Files/Pods-Servo/Pods-Servo-resources.sh\"\n";
			showEnvVarsInLog = 0;
		};
		CC5B88B4DBE0744C077136BE /* [CP] Check Pods Manifest.lock */ = {
			isa = PBXShellScriptBuildPhase;
			buildActionMask = 2147483647;
			files = (
			);
			inputPaths = (
				"${PODS_PODFILE_DIR_PATH}/Podfile.lock",
				"${PODS_ROOT}/Manifest.lock",
			);
			name = "[CP] Check Pods Manifest.lock";
			outputPaths = (
				"$(DERIVED_FILE_DIR)/Pods-Servo-checkManifestLockResult.txt",
			);
			runOnlyForDeploymentPostprocessing = 0;
			shellPath = /bin/sh;
			shellScript = "diff \"${PODS_PODFILE_DIR_PATH}/Podfile.lock\" \"${PODS_ROOT}/Manifest.lock\" > /dev/null\nif [ $? != 0 ] ; then\n    # print error to STDERR\n    echo \"error: The sandbox is not in sync with the Podfile.lock. Run 'pod install' or update your CocoaPods installation.\" >&2\n    exit 1\nfi\n# This output is used by Xcode 'outputs' to avoid re-running this script phase.\necho \"SUCCESS\" > \"${SCRIPT_OUTPUT_FILE_0}\"\n";
			showEnvVarsInLog = 0;
		};
		E6E20F580B74C0B735E35542 /* [CP] Embed Pods Frameworks */ = {
			isa = PBXShellScriptBuildPhase;
			buildActionMask = 2147483647;
			files = (
			);
			inputPaths = (
				"${SRCROOT}/Pods/Target Support Files/Pods-Servo/Pods-Servo-frameworks.sh",
				"${BUILT_PRODUCTS_DIR}/WirekiteMac/WirekiteMac.framework",
			);
			name = "[CP] Embed Pods Frameworks";
			outputPaths = (
				"${TARGET_BUILD_DIR}/${FRAMEWORKS_FOLDER_PATH}/WirekiteMac.framework",
			);
			runOnlyForDeploymentPostprocessing = 0;
			shellPath = /bin/sh;
			shellScript = "\"${SRCROOT}/Pods/Target Support Files/Pods-Servo/Pods-Servo-frameworks.sh\"\n";
			showEnvVarsInLog = 0;
		};
/* End PBXShellScriptBuildPhase section */

/* Begin PBXSourcesBuildPhase section */
		DB42E7E91F65B3E4009C2C0E /* Sources */ = {
			isa = PBXSourcesBuildPhase;
			buildActionMask = 2147483647;
			files = (
				DB42E8001F65B45F009C2C0E /* Servo.swift in Sources */,
				DB42E7F31F65B3E4009C2C0E /* ViewController.swift in Sources */,
				DB42E7F11F65B3E4009C2C0E /* AppDelegate.swift in Sources */,
			);
			runOnlyForDeploymentPostprocessing = 0;
		};
/* End PBXSourcesBuildPhase section */

/* Begin PBXVariantGroup section */
		DB42E7F61F65B3E4009C2C0E /* Main.storyboard */ = {
			isa = PBXVariantGroup;
			children = (
				DB42E7F71F65B3E4009C2C0E /* Base */,
			);
			name = Main.storyboard;
			sourceTree = "<group>";
		};
/* End PBXVariantGroup section */

/* Begin XCBuildConfiguration section */
		DB42E7FA1F65B3E4009C2C0E /* Debug */ = {
			isa = XCBuildConfiguration;
			buildSettings = {
				ALWAYS_SEARCH_USER_PATHS = NO;
				CLANG_ANALYZER_NONNULL = YES;
				CLANG_ANALYZER_NUMBER_OBJECT_CONVERSION = YES_AGGRESSIVE;
				CLANG_CXX_LANGUAGE_STANDARD = "gnu++0x";
				CLANG_CXX_LIBRARY = "libc++";
				CLANG_ENABLE_MODULES = YES;
				CLANG_ENABLE_OBJC_ARC = YES;
				CLANG_WARN_BOOL_CONVERSION = YES;
				CLANG_WARN_CONSTANT_CONVERSION = YES;
				CLANG_WARN_DIRECT_OBJC_ISA_USAGE = YES_ERROR;
				CLANG_WARN_DOCUMENTATION_COMMENTS = YES;
				CLANG_WARN_EMPTY_BODY = YES;
				CLANG_WARN_ENUM_CONVERSION = YES;
				CLANG_WARN_INFINITE_RECURSION = YES;
				CLANG_WARN_INT_CONVERSION = YES;
				CLANG_WARN_OBJC_ROOT_CLASS = YES_ERROR;
				CLANG_WARN_SUSPICIOUS_MOVE = YES;
				CLANG_WARN_UNREACHABLE_CODE = YES;
				CLANG_WARN__DUPLICATE_METHOD_MATCH = YES;
				CODE_SIGN_IDENTITY = "-";
				COPY_PHASE_STRIP = NO;
				DEBUG_INFORMATION_FORMAT = dwarf;
				ENABLE_STRICT_OBJC_MSGSEND = YES;
				ENABLE_TESTABILITY = YES;
				GCC_C_LANGUAGE_STANDARD = gnu99;
				GCC_DYNAMIC_NO_PIC = NO;
				GCC_NO_COMMON_BLOCKS = YES;
				GCC_OPTIMIZATION_LEVEL = 0;
				GCC_PREPROCESSOR_DEFINITIONS = (
					"DEBUG=1",
					"$(inherited)",
				);
				GCC_WARN_64_TO_32_BIT_CONVERSION = YES;
				GCC_WARN_ABOUT_RETURN_TYPE = YES_ERROR;
				GCC_WARN_UNDECLARED_SELECTOR = YES;
				GCC_WARN_UNINITIALIZED_AUTOS = YES_AGGRESSIVE;
				GCC_WARN_UNUSED_FUNCTION = YES;
				GCC_WARN_UNUSED_VARIABLE = YES;
				MACOSX_DEPLOYMENT_TARGET = 10.12;
				MTL_ENABLE_DEBUG_INFO = YES;
				ONLY_ACTIVE_ARCH = YES;
				SDKROOT = macosx;
				SWIFT_ACTIVE_COMPILATION_CONDITIONS = DEBUG;
				SWIFT_OPTIMIZATION_LEVEL = "-Onone";
			};
			name = Debug;
		};
		DB42E7FB1F65B3E4009C2C0E /* Release */ = {
			isa = XCBuildConfiguration;
			buildSettings = {
				ALWAYS_SEARCH_USER_PATHS = NO;
				CLANG_ANALYZER_NONNULL = YES;
				CLANG_ANALYZER_NUMBER_OBJECT_CONVERSION = YES_AGGRESSIVE;
				CLANG_CXX_LANGUAGE_STANDARD = "gnu++0x";
				CLANG_CXX_LIBRARY = "libc++";
				CLANG_ENABLE_MODULES = YES;
				CLANG_ENABLE_OBJC_ARC = YES;
				CLANG_WARN_BOOL_CONVERSION = YES;
				CLANG_WARN_CONSTANT_CONVERSION = YES;
				CLANG_WARN_DIRECT_OBJC_ISA_USAGE = YES_ERROR;
				CLANG_WARN_DOCUMENTATION_COMMENTS = YES;
				CLANG_WARN_EMPTY_BODY = YES;
				CLANG_WARN_ENUM_CONVERSION = YES;
				CLANG_WARN_INFINITE_RECURSION = YES;
				CLANG_WARN_INT_CONVERSION = YES;
				CLANG_WARN_OBJC_ROOT_CLASS = YES_ERROR;
				CLANG_WARN_SUSPICIOUS_MOVE = YES;
				CLANG_WARN_UNREACHABLE_CODE = YES;
				CLANG_WARN__DUPLICATE_METHOD_MATCH = YES;
				CODE_SIGN_IDENTITY = "-";
				COPY_PHASE_STRIP = NO;
				DEBUG_INFORMATION_FORMAT = "dwarf-with-dsym";
				ENABLE_NS_ASSERTIONS = NO;
				ENABLE_STRICT_OBJC_MSGSEND = YES;
				GCC_C_LANGUAGE_STANDARD = gnu99;
				GCC_NO_COMMON_BLOCKS = YES;
				GCC_WARN_64_TO_32_BIT_CONVERSION = YES;
				GCC_WARN_ABOUT_RETURN_TYPE = YES_ERROR;
				GCC_WARN_UNDECLARED_SELECTOR = YES;
				GCC_WARN_UNINITIALIZED_AUTOS = YES_AGGRESSIVE;
				GCC_WARN_UNUSED_FUNCTION = YES;
				GCC_WARN_UNUSED_VARIABLE = YES;
				MACOSX_DEPLOYMENT_TARGET = 10.12;
				MTL_ENABLE_DEBUG_INFO = NO;
				SDKROOT = macosx;
				SWIFT_OPTIMIZATION_LEVEL = "-Owholemodule";
			};
			name = Release;
		};
		DB42E7FD1F65B3E4009C2C0E /* Debug */ = {
			isa = XCBuildConfiguration;
			baseConfigurationReference = 58785BF93DF58C8669D0E6C5 /* Pods-Servo.debug.xcconfig */;
			buildSettings = {
				ASSETCATALOG_COMPILER_APPICON_NAME = AppIcon;
				COMBINE_HIDPI_IMAGES = YES;
				INFOPLIST_FILE = Servo/Info.plist;
				LD_RUNPATH_SEARCH_PATHS = "$(inherited) @executable_path/../Frameworks";
				PRODUCT_BUNDLE_IDENTIFIER = net.codecrete.Servo;
				PRODUCT_NAME = "$(TARGET_NAME)";
				SWIFT_VERSION = 3.0;
			};
			name = Debug;
		};
		DB42E7FE1F65B3E4009C2C0E /* Release */ = {
			isa = XCBuildConfiguration;
			baseConfigurationReference = 176786437234007D870F49D7 /* Pods-Servo.release.xcconfig */;
			buildSettings = {
				ASSETCATALOG_COMPILER_APPICON_NAME = AppIcon;
				COMBINE_HIDPI_IMAGES = YES;
				INFOPLIST_FILE = Servo/Info.plist;
				LD_RUNPATH_SEARCH_PATHS = "$(inherited) @executable_path/../Frameworks";
				PRODUCT_BUNDLE_IDENTIFIER = net.codecrete.Servo;
				PRODUCT_NAME = "$(TARGET_NAME)";
				SWIFT_VERSION = 3.0;
			};
			name = Release;
		};
/* End XCBuildConfiguration section */

/* Begin XCConfigurationList section */
		DB42E7E81F65B3E4009C2C0E /* Build configuration list for PBXProject "Servo" */ = {
			isa = XCConfigurationList;
			buildConfigurations = (
				DB42E7FA1F65B3E4009C2C0E /* Debug */,
				DB42E7FB1F65B3E4009C2C0E /* Release */,
			);
			defaultConfigurationIsVisible = 0;
			defaultConfigurationName = Release;
		};
		DB42E7FC1F65B3E4009C2C0E /* Build configuration list for PBXNativeTarget "Servo" */ = {
			isa = XCConfigurationList;
			buildConfigurations = (
				DB42E7FD1F65B3E4009C2C0E /* Debug */,
				DB42E7FE1F65B3E4009C2C0E /* Release */,
			);
			defaultConfigurationIsVisible = 0;
			defaultConfigurationName = Release;
		};
/* End XCConfigurationList section */
	};
	rootObject = DB42E7E51F65B3E4009C2C0E /* Project object */;
}
